dependencies:
- name: alloy
  repository: https://grafana.github.io/helm-charts
  version: 0.3.1
- name: alloy
  repository: https://grafana.github.io/helm-charts
  version: 0.3.1
- name: alloy
  repository: https://grafana.github.io/helm-charts
  version: 0.3.1
- name: alloy
  repository: https://grafana.github.io/helm-charts
  version: 0.3.1
- name: kube-state-metrics
  repository: https://prometheus-community.github.io/helm-charts
  version: 5.19.0
- name: prometheus-node-exporter
  repository: https://prometheus-community.github.io/helm-charts
  version: 4.34.0
- name: prometheus-operator-crds
  repository: https://prometheus-community.github.io/helm-charts
  version: 11.0.0
- name: prometheus-windows-exporter
  repository: https://prometheus-community.github.io/helm-charts
  version: 0.3.1
- name: opencost
  repository: https://opencost.github.io/opencost-helm-chart
  version: 1.40.0
digest: sha256:16ec19bb300ae9d63c39035a937e45824c00812288856b446029d66cf555a5f4
generated: "2024-07-02T00:39:57.337214043Z"
