dependencies:
- name: alloy
  repository: https://grafana.github.io/helm-charts
  version: 0.6.1
- name: alloy
  repository: https://grafana.github.io/helm-charts
  version: 0.6.1
- name: alloy
  repository: https://grafana.github.io/helm-charts
  version: 0.6.1
- name: alloy
  repository: https://grafana.github.io/helm-charts
  version: 0.6.1
- name: kube-state-metrics
  repository: https://prometheus-community.github.io/helm-charts
  version: 5.25.1
- name: prometheus-node-exporter
  repository: https://prometheus-community.github.io/helm-charts
  version: 4.39.0
- name: prometheus-operator-crds
  repository: https://prometheus-community.github.io/helm-charts
  version: 15.0.0
- name: prometheus-windows-exporter
  repository: https://prometheus-community.github.io/helm-charts
  version: 0.5.2
- name: opencost
  repository: https://opencost.github.io/opencost-helm-chart
  version: 1.42.0
- name: kepler
  repository: https://sustainable-computing-io.github.io/kepler-helm-chart
  version: 0.5.9
- name: beyla
  repository: https://grafana.github.io/helm-charts
  version: 1.3.0
digest: sha256:f92c461589f416f3a959e810f598c1ab2213877bc380458e3d21f9d12a9bb526
generated: "2024-10-10T00:46:55.541485303Z"
