dependencies:
- name: alloy
  repository: https://grafana.github.io/helm-charts
  version: 0.3.1
- name: alloy
  repository: https://grafana.github.io/helm-charts
  version: 0.3.1
- name: alloy
  repository: https://grafana.github.io/helm-charts
  version: 0.3.1
- name: alloy
  repository: https://grafana.github.io/helm-charts
  version: 0.3.1
- name: kube-state-metrics
  repository: https://prometheus-community.github.io/helm-charts
  version: 5.20.1
- name: prometheus-node-exporter
  repository: https://prometheus-community.github.io/helm-charts
  version: 4.34.0
- name: prometheus-operator-crds
  repository: https://prometheus-community.github.io/helm-charts
  version: 11.0.0
- name: prometheus-windows-exporter
  repository: https://prometheus-community.github.io/helm-charts
  version: 0.3.1
- name: opencost
  repository: https://opencost.github.io/opencost-helm-chart
  version: 1.35.0
digest: sha256:7d3acce81992bb9f3e0d2356fd6e87e04ee62dde61acc84b89f1752bb38b117f
generated: "2024-07-02T00:39:55.934027362Z"
